{
  "projects": [
    {
      "projectId": "kWsMjK7xB47LtjfssqRijH",
      "version": "latest",
      "dependencies": {},
      "lang": "ts",
      "fileLocks": [
        {
          "type": "globalVariant",
          "assetId": "CUeVyOojJsaNe",
          "checksum": "a80a5bf847a64117e79b8abdfb4a0bdc"
        },
        {
          "assetId": "kWsMjK7xB47LtjfssqRijH",
          "type": "projectCss",
          "checksum": "998843a2cb7e1f01f9b15306967a9a6f"
        },
        {
          "type": "renderModule",
          "assetId": "Q09_Cz_q24g9b",
          "checksum": "7b7f1772c85d99f8a844b3137b6e0410"
        },
        {
          "type": "cssRules",
          "assetId": "Q09_Cz_q24g9b",
          "checksum": "7b7f1772c85d99f8a844b3137b6e0410"
        },
        {
          "type": "renderModule",
          "assetId": "xXAHk0ueYHdeW",
          "checksum": "f633da1a697252633bba2bfe1cc26072"
        },
        {
          "type": "cssRules",
          "assetId": "xXAHk0ueYHdeW",
          "checksum": "f633da1a697252633bba2bfe1cc26072"
        },
        {
          "type": "icon",
          "assetId": "82oVoziNjJ-F8",
          "checksum": "28f2eeecc7378ecf94423b0f9b400696"
        },
        {
          "type": "icon",
          "assetId": "xnWalUFV9-WHl",
          "checksum": "3ab8b26121217d1fd02be0845dd87928"
        },
        {
          "type": "icon",
          "assetId": "Mdxgrb9xlRHbd",
          "checksum": "b5d0c45b2bcc46dd06a0a9a9d0c17c9d"
        },
        {
          "type": "icon",
          "assetId": "E95Tu5_LdJ",
          "checksum": "9f2c16ec31286ae6978341f75e6a58b4"
        },
        {
          "type": "icon",
          "assetId": "Bia34lzMMI",
          "checksum": "455df99285b692511497ac2658a6bb17"
        }
      ],
      "codegenVersion": "0.0.1"
    }
  ],
  "cliVersion": "0.1.215"
}
